
Microsoft Visual Studio Solution File, Format Version 12.00
# Visual Studio Version 16
VisualStudioVersion = 16.0.30128.74
MinimumVisualStudioVersion = 10.0.40219.1
Project("{FAE04EC0-301F-11D3-BF4B-00C04F79EFBC}") = "Alperia-SFO", "Alperia-SFO\Alperia-SFO.csproj", "{8CC031FD-EB15-4531-B6A0-8DB791190AC2}"
EndProject
Project("{9A19103F-16F7-4668-BE54-9A1E7A4F7556}") = "ListAllFiles", "ListAllFiles\ListAllFiles.csproj", "{D9C12E6E-18A0-4590-A644-DEA7A76F7E28}"
EndProject
Project("{2150E333-8FDC-42A3-9474-1A3956D46DE8}") = "Solution Items", "Solution Items", "{00A2A1FF-2E29-4781-A592-D1581C722C59}"
	ProjectSection(SolutionItems) = preProject
		Account.cs = Account.cs
		Assett.cs = Assett.cs
		BillingProfile.cs = BillingProfile.cs
		DirectDebit.cs = DirectDebit.cs
		MigKeys.cs = MigKeys.cs
		ServicePoint.cs = ServicePoint.cs
		Zmapping.cs = Zmapping.cs
		Zprodotti.cs = Zprodotti.cs
	EndProjectSection
EndProject
Project("{FAE04EC0-301F-11D3-BF4B-00C04F79EFBC}") = "Alperia-ISU-New", "Alperia-ISU-New\Alperia-ISU-New.csproj", "{3395EA0E-D403-407A-8019-4C451F513A19}"
EndProject
Project("{FAE04EC0-301F-11D3-BF4B-00C04F79EFBC}") = "Alperia-ISU-MainGas", "Alperia-ISU-MainGas\Alperia-ISU-MainGas.csproj", "{0BB72210-C19B-4568-A7B6-5AFCC7063339}"
EndProject
Project("{9A19103F-16F7-4668-BE54-9A1E7A4F7556}") = "Alperia-ISU-Lib", "Alperia-ISU-Lib\Alperia-ISU-Lib.csproj", "{45CAD2A7-9E31-4D9F-8808-62530046C2C7}"
EndProject
Project("{FAE04EC0-301F-11D3-BF4B-00C04F79EFBC}") = "Isu-ver-fica", "Isu-ver-fica\Isu-ver-fica.csproj", "{A1293DD9-8CA0-4BE1-8E58-EDC2ECB21C5E}"
EndProject
Project("{FAE04EC0-301F-11D3-BF4B-00C04F79EFBC}") = "Isu-ver-MainGas", "Isu-ver-MainGas\Isu-ver-MainGas.csproj", "{7809A054-3AD5-4B06-8CF5-FC40F0D7E690}"
EndProject
Project("{FAE04EC0-301F-11D3-BF4B-00C04F79EFBC}") = "Isu-Ver-MaiEle", "Isu-Ver-MaiEle\Isu-Ver-MaiEle.csproj", "{88AFD4E1-03D7-47AC-9610-166C870758C5}"
EndProject
Project("{FAE04EC0-301F-11D3-BF4B-00C04F79EFBC}") = "AggregaZ1", "AggregaZ1\AggregaZ1.csproj", "{9956F103-3441-49DF-98B6-748D8F40D9AC}"
EndProject
Project("{FAE04EC0-301F-11D3-BF4B-00C04F79EFBC}") = "IsuVerMainConf", "IsuVerMainConf\IsuVerMainConf.csproj", "{38771B4F-0A64-4846-8D02-2C75B8802B52}"
EndProject
Project("{9A19103F-16F7-4668-BE54-9A1E7A4F7556}") = "load_MainGas", "load_MainGas\load_MainGas.csproj", "{6A9FB6F3-17C8-46B6-A466-501620D0645A}"
EndProject
Project("{9A19103F-16F7-4668-BE54-9A1E7A4F7556}") = "Elabora_itau", "elabora_itau\Elabora_itau.csproj", "{C4DFE5B0-1AEA-4AB4-B6B6-E67DE2FC4815}"
EndProject
Project("{9A19103F-16F7-4668-BE54-9A1E7A4F7556}") = "elabora_partite", "elabora_partite\elabora_partite.csproj", "{F414BFF9-08B6-4DFE-B4A8-3F8567C6F49D}"
EndProject
Project("{9A19103F-16F7-4668-BE54-9A1E7A4F7556}") = "load_MainEle", "load_MainEle\load_MainEle.csproj", "{F9239B62-EB6E-4DDF-A24E-435CAAFF86B0}"
EndProject
Project("{9A19103F-16F7-4668-BE54-9A1E7A4F7556}") = "load_zae", "load_zae\load_zae.csproj", "{94950ED5-FE1A-46B2-8EFF-94948FF97720}"
EndProject
Project("{9A19103F-16F7-4668-BE54-9A1E7A4F7556}") = "pulisci_cantafio", "pulisci_cantafio\pulisci_cantafio.csproj", "{7578AE21-BF9A-4418-A99C-637D82F9FD9A}"
EndProject
Project("{9A19103F-16F7-4668-BE54-9A1E7A4F7556}") = "elabora_dfkkop_sum", "elabora_dfkkop_sum\elabora_dfkkop_sum.csproj", "{C514485D-6AFE-47B1-9052-229F262B76A9}"
EndProject
Project("{9A19103F-16F7-4668-BE54-9A1E7A4F7556}") = "load_docfica", "load_docfica\load_docfica.csproj", "{7EE3420E-C561-4C41-8349-23071F197041}"
EndProject
Project("{9A19103F-16F7-4668-BE54-9A1E7A4F7556}") = "estrai-fica-DB", "estrai-fica-DB\estrai-fica-DB.csproj", "{7916CC3A-49BA-4D9D-8DA2-4AD0E0478947}"
EndProject
Project("{9A19103F-16F7-4668-BE54-9A1E7A4F7556}") = "AlperiaLibrary", "AlperiaLibrary\AlperiaLibrary.csproj", "{B764A12D-9B51-403A-A649-95FD0D18C945}"
EndProject
Project("{9A19103F-16F7-4668-BE54-9A1E7A4F7556}") = "copyMainGas", "copyMainGas\copyMainGas.csproj", "{07054BE9-9C32-4138-AA63-4B54CE43A7FF}"
EndProject
Project("{9A19103F-16F7-4668-BE54-9A1E7A4F7556}") = "MainGasOut", "MainGasOut\MainGasOut.csproj", "{E0FABC59-1A9F-4ED1-A345-250A2FD66EF5}"
EndProject
Project("{9A19103F-16F7-4668-BE54-9A1E7A4F7556}") = "MainEleOut", "MainEleOut\MainEleOut.csproj", "{A553A774-B65E-45AB-A70B-35DCA10515DE}"
EndProject
Project("{9A19103F-16F7-4668-BE54-9A1E7A4F7556}") = "DocFicaOut", "DocFicaOut\DocFicaOut.csproj", "{B5A8AD10-F96C-4671-AA30-10E2F1EE0610}"
EndProject
Project("{9A19103F-16F7-4668-BE54-9A1E7A4F7556}") = "LoadAcciseFromZitau", "LoadAcciseFromZitau\LoadAcciseFromZitau.csproj", "{DDF9E954-D972-44A0-A0AE-FE7AEB297840}"
EndProject
Project("{9A19103F-16F7-4668-BE54-9A1E7A4F7556}") = "load_confEle", "load_confEle\load_confEle.csproj", "{43AC3DAB-0AAB-4672-9AA3-C94F4600A14F}"
EndProject
Project("{9A19103F-16F7-4668-BE54-9A1E7A4F7556}") = "BonusMockUp", "BonusMockUp\BonusMockUp.csproj", "{BA7CFC5A-BF34-488E-9F02-AE316B76707F}"
EndProject
Project("{FAE04EC0-301F-11D3-BF4B-00C04F79EFBC}") = "load_Cantafio", "load_Cantafio\load_Cantafio.csproj", "{0D1E880C-0687-4F9C-9685-22313200E8E7}"
EndProject
Project("{FAE04EC0-301F-11D3-BF4B-00C04F79EFBC}") = "load_Dfkkop", "load_Dfkkop\load_Dfkkop.csproj", "{444DF7C7-A794-424F-BC19-40653D03530D}"
EndProject
Global
	GlobalSection(SolutionConfigurationPlatforms) = preSolution
		Debug|Any CPU = Debug|Any CPU
		Release|Any CPU = Release|Any CPU
	EndGlobalSection
	GlobalSection(ProjectConfigurationPlatforms) = postSolution
		{8CC031FD-EB15-4531-B6A0-8DB791190AC2}.Debug|Any CPU.ActiveCfg = Debug|Any CPU
		{8CC031FD-EB15-4531-B6A0-8DB791190AC2}.Debug|Any CPU.Build.0 = Debug|Any CPU
		{8CC031FD-EB15-4531-B6A0-8DB791190AC2}.Release|Any CPU.ActiveCfg = Release|Any CPU
		{8CC031FD-EB15-4531-B6A0-8DB791190AC2}.Release|Any CPU.Build.0 = Release|Any CPU
		{D9C12E6E-18A0-4590-A644-DEA7A76F7E28}.Debug|Any CPU.ActiveCfg = Debug|Any CPU
		{D9C12E6E-18A0-4590-A644-DEA7A76F7E28}.Debug|Any CPU.Build.0 = Debug|Any CPU
		{D9C12E6E-18A0-4590-A644-DEA7A76F7E28}.Release|Any CPU.ActiveCfg = Release|Any CPU
		{D9C12E6E-18A0-4590-A644-DEA7A76F7E28}.Release|Any CPU.Build.0 = Release|Any CPU
		{3395EA0E-D403-407A-8019-4C451F513A19}.Debug|Any CPU.ActiveCfg = Debug|Any CPU
		{3395EA0E-D403-407A-8019-4C451F513A19}.Debug|Any CPU.Build.0 = Debug|Any CPU
		{3395EA0E-D403-407A-8019-4C451F513A19}.Release|Any CPU.ActiveCfg = Release|Any CPU
		{3395EA0E-D403-407A-8019-4C451F513A19}.Release|Any CPU.Build.0 = Release|Any CPU
		{0BB72210-C19B-4568-A7B6-5AFCC7063339}.Debug|Any CPU.ActiveCfg = Debug|Any CPU
		{0BB72210-C19B-4568-A7B6-5AFCC7063339}.Debug|Any CPU.Build.0 = Debug|Any CPU
		{0BB72210-C19B-4568-A7B6-5AFCC7063339}.Release|Any CPU.ActiveCfg = Release|Any CPU
		{0BB72210-C19B-4568-A7B6-5AFCC7063339}.Release|Any CPU.Build.0 = Release|Any CPU
		{45CAD2A7-9E31-4D9F-8808-62530046C2C7}.Debug|Any CPU.ActiveCfg = Debug|Any CPU
		{45CAD2A7-9E31-4D9F-8808-62530046C2C7}.Debug|Any CPU.Build.0 = Debug|Any CPU
		{45CAD2A7-9E31-4D9F-8808-62530046C2C7}.Release|Any CPU.ActiveCfg = Release|Any CPU
		{45CAD2A7-9E31-4D9F-8808-62530046C2C7}.Release|Any CPU.Build.0 = Release|Any CPU
		{A1293DD9-8CA0-4BE1-8E58-EDC2ECB21C5E}.Debug|Any CPU.ActiveCfg = Debug|Any CPU
		{A1293DD9-8CA0-4BE1-8E58-EDC2ECB21C5E}.Debug|Any CPU.Build.0 = Debug|Any CPU
		{A1293DD9-8CA0-4BE1-8E58-EDC2ECB21C5E}.Release|Any CPU.ActiveCfg = Release|Any CPU
		{A1293DD9-8CA0-4BE1-8E58-EDC2ECB21C5E}.Release|Any CPU.Build.0 = Release|Any CPU
		{7809A054-3AD5-4B06-8CF5-FC40F0D7E690}.Debug|Any CPU.ActiveCfg = Debug|Any CPU
		{7809A054-3AD5-4B06-8CF5-FC40F0D7E690}.Debug|Any CPU.Build.0 = Debug|Any CPU
		{7809A054-3AD5-4B06-8CF5-FC40F0D7E690}.Release|Any CPU.ActiveCfg = Release|Any CPU
		{7809A054-3AD5-4B06-8CF5-FC40F0D7E690}.Release|Any CPU.Build.0 = Release|Any CPU
		{88AFD4E1-03D7-47AC-9610-166C870758C5}.Debug|Any CPU.ActiveCfg = Debug|Any CPU
		{88AFD4E1-03D7-47AC-9610-166C870758C5}.Debug|Any CPU.Build.0 = Debug|Any CPU
		{88AFD4E1-03D7-47AC-9610-166C870758C5}.Release|Any CPU.ActiveCfg = Release|Any CPU
		{88AFD4E1-03D7-47AC-9610-166C870758C5}.Release|Any CPU.Build.0 = Release|Any CPU
		{9956F103-3441-49DF-98B6-748D8F40D9AC}.Debug|Any CPU.ActiveCfg = Debug|Any CPU
		{9956F103-3441-49DF-98B6-748D8F40D9AC}.Debug|Any CPU.Build.0 = Debug|Any CPU
		{9956F103-3441-49DF-98B6-748D8F40D9AC}.Release|Any CPU.ActiveCfg = Release|Any CPU
		{9956F103-3441-49DF-98B6-748D8F40D9AC}.Release|Any CPU.Build.0 = Release|Any CPU
		{38771B4F-0A64-4846-8D02-2C75B8802B52}.Debug|Any CPU.ActiveCfg = Debug|Any CPU
		{38771B4F-0A64-4846-8D02-2C75B8802B52}.Debug|Any CPU.Build.0 = Debug|Any CPU
		{38771B4F-0A64-4846-8D02-2C75B8802B52}.Release|Any CPU.ActiveCfg = Release|Any CPU
		{38771B4F-0A64-4846-8D02-2C75B8802B52}.Release|Any CPU.Build.0 = Release|Any CPU
		{6A9FB6F3-17C8-46B6-A466-501620D0645A}.Debug|Any CPU.ActiveCfg = Debug|Any CPU
		{6A9FB6F3-17C8-46B6-A466-501620D0645A}.Debug|Any CPU.Build.0 = Debug|Any CPU
		{6A9FB6F3-17C8-46B6-A466-501620D0645A}.Release|Any CPU.ActiveCfg = Release|Any CPU
		{6A9FB6F3-17C8-46B6-A466-501620D0645A}.Release|Any CPU.Build.0 = Release|Any CPU
		{C4DFE5B0-1AEA-4AB4-B6B6-E67DE2FC4815}.Debug|Any CPU.ActiveCfg = Debug|Any CPU
		{C4DFE5B0-1AEA-4AB4-B6B6-E67DE2FC4815}.Debug|Any CPU.Build.0 = Debug|Any CPU
		{C4DFE5B0-1AEA-4AB4-B6B6-E67DE2FC4815}.Release|Any CPU.ActiveCfg = Release|Any CPU
		{C4DFE5B0-1AEA-4AB4-B6B6-E67DE2FC4815}.Release|Any CPU.Build.0 = Release|Any CPU
		{F414BFF9-08B6-4DFE-B4A8-3F8567C6F49D}.Debug|Any CPU.ActiveCfg = Debug|Any CPU
		{F414BFF9-08B6-4DFE-B4A8-3F8567C6F49D}.Debug|Any CPU.Build.0 = Debug|Any CPU
		{F414BFF9-08B6-4DFE-B4A8-3F8567C6F49D}.Release|Any CPU.ActiveCfg = Release|Any CPU
		{F414BFF9-08B6-4DFE-B4A8-3F8567C6F49D}.Release|Any CPU.Build.0 = Release|Any CPU
		{F9239B62-EB6E-4DDF-A24E-435CAAFF86B0}.Debug|Any CPU.ActiveCfg = Debug|Any CPU
		{F9239B62-EB6E-4DDF-A24E-435CAAFF86B0}.Debug|Any CPU.Build.0 = Debug|Any CPU
		{F9239B62-EB6E-4DDF-A24E-435CAAFF86B0}.Release|Any CPU.ActiveCfg = Release|Any CPU
		{F9239B62-EB6E-4DDF-A24E-435CAAFF86B0}.Release|Any CPU.Build.0 = Release|Any CPU
		{94950ED5-FE1A-46B2-8EFF-94948FF97720}.Debug|Any CPU.ActiveCfg = Debug|Any CPU
		{94950ED5-FE1A-46B2-8EFF-94948FF97720}.Debug|Any CPU.Build.0 = Debug|Any CPU
		{94950ED5-FE1A-46B2-8EFF-94948FF97720}.Release|Any CPU.ActiveCfg = Release|Any CPU
		{94950ED5-FE1A-46B2-8EFF-94948FF97720}.Release|Any CPU.Build.0 = Release|Any CPU
		{7578AE21-BF9A-4418-A99C-637D82F9FD9A}.Debug|Any CPU.ActiveCfg = Debug|Any CPU
		{7578AE21-BF9A-4418-A99C-637D82F9FD9A}.Debug|Any CPU.Build.0 = Debug|Any CPU
		{7578AE21-BF9A-4418-A99C-637D82F9FD9A}.Release|Any CPU.ActiveCfg = Release|Any CPU
		{7578AE21-BF9A-4418-A99C-637D82F9FD9A}.Release|Any CPU.Build.0 = Release|Any CPU
		{C514485D-6AFE-47B1-9052-229F262B76A9}.Debug|Any CPU.ActiveCfg = Debug|Any CPU
		{C514485D-6AFE-47B1-9052-229F262B76A9}.Debug|Any CPU.Build.0 = Debug|Any CPU
		{C514485D-6AFE-47B1-9052-229F262B76A9}.Release|Any CPU.ActiveCfg = Release|Any CPU
		{C514485D-6AFE-47B1-9052-229F262B76A9}.Release|Any CPU.Build.0 = Release|Any CPU
		{7EE3420E-C561-4C41-8349-23071F197041}.Debug|Any CPU.ActiveCfg = Debug|Any CPU
		{7EE3420E-C561-4C41-8349-23071F197041}.Debug|Any CPU.Build.0 = Debug|Any CPU
		{7EE3420E-C561-4C41-8349-23071F197041}.Release|Any CPU.ActiveCfg = Release|Any CPU
		{7EE3420E-C561-4C41-8349-23071F197041}.Release|Any CPU.Build.0 = Release|Any CPU
		{7916CC3A-49BA-4D9D-8DA2-4AD0E0478947}.Debug|Any CPU.ActiveCfg = Debug|Any CPU
		{7916CC3A-49BA-4D9D-8DA2-4AD0E0478947}.Debug|Any CPU.Build.0 = Debug|Any CPU
		{7916CC3A-49BA-4D9D-8DA2-4AD0E0478947}.Release|Any CPU.ActiveCfg = Release|Any CPU
		{7916CC3A-49BA-4D9D-8DA2-4AD0E0478947}.Release|Any CPU.Build.0 = Release|Any CPU
		{B764A12D-9B51-403A-A649-95FD0D18C945}.Debug|Any CPU.ActiveCfg = Debug|Any CPU
		{B764A12D-9B51-403A-A649-95FD0D18C945}.Debug|Any CPU.Build.0 = Debug|Any CPU
		{B764A12D-9B51-403A-A649-95FD0D18C945}.Release|Any CPU.ActiveCfg = Release|Any CPU
		{B764A12D-9B51-403A-A649-95FD0D18C945}.Release|Any CPU.Build.0 = Release|Any CPU
		{07054BE9-9C32-4138-AA63-4B54CE43A7FF}.Debug|Any CPU.ActiveCfg = Debug|Any CPU
		{07054BE9-9C32-4138-AA63-4B54CE43A7FF}.Debug|Any CPU.Build.0 = Debug|Any CPU
		{07054BE9-9C32-4138-AA63-4B54CE43A7FF}.Release|Any CPU.ActiveCfg = Release|Any CPU
		{07054BE9-9C32-4138-AA63-4B54CE43A7FF}.Release|Any CPU.Build.0 = Release|Any CPU
		{E0FABC59-1A9F-4ED1-A345-250A2FD66EF5}.Debug|Any CPU.ActiveCfg = Debug|Any CPU
		{E0FABC59-1A9F-4ED1-A345-250A2FD66EF5}.Debug|Any CPU.Build.0 = Debug|Any CPU
		{E0FABC59-1A9F-4ED1-A345-250A2FD66EF5}.Release|Any CPU.ActiveCfg = Release|Any CPU
		{E0FABC59-1A9F-4ED1-A345-250A2FD66EF5}.Release|Any CPU.Build.0 = Release|Any CPU
		{A553A774-B65E-45AB-A70B-35DCA10515DE}.Debug|Any CPU.ActiveCfg = Debug|Any CPU
		{A553A774-B65E-45AB-A70B-35DCA10515DE}.Debug|Any CPU.Build.0 = Debug|Any CPU
		{A553A774-B65E-45AB-A70B-35DCA10515DE}.Release|Any CPU.ActiveCfg = Release|Any CPU
		{A553A774-B65E-45AB-A70B-35DCA10515DE}.Release|Any CPU.Build.0 = Release|Any CPU
		{B5A8AD10-F96C-4671-AA30-10E2F1EE0610}.Debug|Any CPU.ActiveCfg = Debug|Any CPU
		{B5A8AD10-F96C-4671-AA30-10E2F1EE0610}.Debug|Any CPU.Build.0 = Debug|Any CPU
		{B5A8AD10-F96C-4671-AA30-10E2F1EE0610}.Release|Any CPU.ActiveCfg = Release|Any CPU
		{B5A8AD10-F96C-4671-AA30-10E2F1EE0610}.Release|Any CPU.Build.0 = Release|Any CPU
		{DDF9E954-D972-44A0-A0AE-FE7AEB297840}.Debug|Any CPU.ActiveCfg = Debug|Any CPU
		{DDF9E954-D972-44A0-A0AE-FE7AEB297840}.Debug|Any CPU.Build.0 = Debug|Any CPU
		{DDF9E954-D972-44A0-A0AE-FE7AEB297840}.Release|Any CPU.ActiveCfg = Release|Any CPU
		{DDF9E954-D972-44A0-A0AE-FE7AEB297840}.Release|Any CPU.Build.0 = Release|Any CPU
		{43AC3DAB-0AAB-4672-9AA3-C94F4600A14F}.Debug|Any CPU.ActiveCfg = Debug|Any CPU
		{43AC3DAB-0AAB-4672-9AA3-C94F4600A14F}.Debug|Any CPU.Build.0 = Debug|Any CPU
		{43AC3DAB-0AAB-4672-9AA3-C94F4600A14F}.Release|Any CPU.ActiveCfg = Release|Any CPU
		{43AC3DAB-0AAB-4672-9AA3-C94F4600A14F}.Release|Any CPU.Build.0 = Release|Any CPU
		{BA7CFC5A-BF34-488E-9F02-AE316B76707F}.Debug|Any CPU.ActiveCfg = Debug|Any CPU
		{BA7CFC5A-BF34-488E-9F02-AE316B76707F}.Debug|Any CPU.Build.0 = Debug|Any CPU
		{BA7CFC5A-BF34-488E-9F02-AE316B76707F}.Release|Any CPU.ActiveCfg = Release|Any CPU
		{BA7CFC5A-BF34-488E-9F02-AE316B76707F}.Release|Any CPU.Build.0 = Release|Any CPU
		{0D1E880C-0687-4F9C-9685-22313200E8E7}.Debug|Any CPU.ActiveCfg = Debug|Any CPU
		{0D1E880C-0687-4F9C-9685-22313200E8E7}.Debug|Any CPU.Build.0 = Debug|Any CPU
		{0D1E880C-0687-4F9C-9685-22313200E8E7}.Release|Any CPU.ActiveCfg = Release|Any CPU
		{0D1E880C-0687-4F9C-9685-22313200E8E7}.Release|Any CPU.Build.0 = Release|Any CPU
		{444DF7C7-A794-424F-BC19-40653D03530D}.Debug|Any CPU.ActiveCfg = Debug|Any CPU
		{444DF7C7-A794-424F-BC19-40653D03530D}.Debug|Any CPU.Build.0 = Debug|Any CPU
		{444DF7C7-A794-424F-BC19-40653D03530D}.Release|Any CPU.ActiveCfg = Release|Any CPU
		{444DF7C7-A794-424F-BC19-40653D03530D}.Release|Any CPU.Build.0 = Release|Any CPU
	EndGlobalSection
	GlobalSection(SolutionProperties) = preSolution
		HideSolutionNode = FALSE
	EndGlobalSection
	GlobalSection(ExtensibilityGlobals) = postSolution
		SolutionGuid = {F7905365-E766-4ECC-BECF-EDC36C32470B}
	EndGlobalSection
EndGlobal
