
Microsoft Visual Studio Solution File, Format Version 12.00
# Visual Studio Version 16
VisualStudioVersion = 16.0.30128.74
MinimumVisualStudioVersion = 10.0.40219.1
Project("{FAE04EC0-301F-11D3-BF4B-00C04F79EFBC}") = "Alperia-SFO", "Alperia-SFO\Alperia-SFO.csproj", "{8CC031FD-EB15-4531-B6A0-8DB791190AC2}"
EndProject
Project("{9A19103F-16F7-4668-BE54-9A1E7A4F7556}") = "ListAllFiles", "ListAllFiles\ListAllFiles.csproj", "{D9C12E6E-18A0-4590-A644-DEA7A76F7E28}"
EndProject
Project("{2150E333-8FDC-42A3-9474-1A3956D46DE8}") = "Solution Items", "Solution Items", "{00A2A1FF-2E29-4781-A592-D1581C722C59}"
	ProjectSection(SolutionItems) = preProject
		Account.cs = Account.cs
		Assett.cs = Assett.cs
		BillingProfile.cs = BillingProfile.cs
		DirectDebit.cs = DirectDebit.cs
		MigKeys.cs = MigKeys.cs
		ServicePoint.cs = ServicePoint.cs
		Zmapping.cs = Zmapping.cs
		Zprodotti.cs = Zprodotti.cs
	EndProjectSection
EndProject
Project("{FAE04EC0-301F-11D3-BF4B-00C04F79EFBC}") = "Alperia-ISU-New", "Alperia-ISU-New\Alperia-ISU-New.csproj", "{3395EA0E-D403-407A-8019-4C451F513A19}"
EndProject
Project("{FAE04EC0-301F-11D3-BF4B-00C04F79EFBC}") = "Alperia-ISU-MainGas", "Alperia-ISU-MainGas\Alperia-ISU-MainGas.csproj", "{0BB72210-C19B-4568-A7B6-5AFCC7063339}"
EndProject
Project("{9A19103F-16F7-4668-BE54-9A1E7A4F7556}") = "Alperia-ISU-Lib", "Alperia-ISU-Lib\Alperia-ISU-Lib.csproj", "{45CAD2A7-9E31-4D9F-8808-62530046C2C7}"
EndProject
Project("{FAE04EC0-301F-11D3-BF4B-00C04F79EFBC}") = "Isu-ver-fica", "Isu-ver-fica\Isu-ver-fica.csproj", "{A1293DD9-8CA0-4BE1-8E58-EDC2ECB21C5E}"
EndProject
Project("{FAE04EC0-301F-11D3-BF4B-00C04F79EFBC}") = "Isu-ver-MainGas", "Isu-ver-MainGas\Isu-ver-MainGas.csproj", "{7809A054-3AD5-4B06-8CF5-FC40F0D7E690}"
EndProject
Project("{FAE04EC0-301F-11D3-BF4B-00C04F79EFBC}") = "Isu-Ver-MaiEle", "Isu-Ver-MaiEle\Isu-Ver-MaiEle.csproj", "{88AFD4E1-03D7-47AC-9610-166C870758C5}"
EndProject
Project("{FAE04EC0-301F-11D3-BF4B-00C04F79EFBC}") = "AggregaZ1", "AggregaZ1\AggregaZ1.csproj", "{9956F103-3441-49DF-98B6-748D8F40D9AC}"
EndProject
Project("{FAE04EC0-301F-11D3-BF4B-00C04F79EFBC}") = "IsuVerMainConf", "IsuVerMainConf\IsuVerMainConf.csproj", "{38771B4F-0A64-4846-8D02-2C75B8802B52}"
EndProject
Project("{9A19103F-16F7-4668-BE54-9A1E7A4F7556}") = "load_MainGas", "load_MainGas\load_MainGas.csproj", "{6A9FB6F3-17C8-46B6-A466-501620D0645A}"
EndProject
Project("{9A19103F-16F7-4668-BE54-9A1E7A4F7556}") = "Elabora_itau", "elabora_itau\Elabora_itau.csproj", "{C4DFE5B0-1AEA-4AB4-B6B6-E67DE2FC4815}"
EndProject
Project("{FAE04EC0-301F-11D3-BF4B-00C04F79EFBC}") = "elabora_partite", "elabora_partite\elabora_partite.csproj", "{F414BFF9-08B6-4DFE-B4A8-3F8567C6F49D}"
EndProject
Project("{FAE04EC0-301F-11D3-BF4B-00C04F79EFBC}") = "load_MainEle", "load_MainEle\load_MainEle.csproj", "{F9239B62-EB6E-4DDF-A24E-435CAAFF86B0}"
EndProject
Global
	GlobalSection(SolutionConfigurationPlatforms) = preSolution
		Debug|Any CPU = Debug|Any CPU
		Release|Any CPU = Release|Any CPU
	EndGlobalSection
	GlobalSection(ProjectConfigurationPlatforms) = postSolution
		{8CC031FD-EB15-4531-B6A0-8DB791190AC2}.Debug|Any CPU.ActiveCfg = Debug|Any CPU
		{8CC031FD-EB15-4531-B6A0-8DB791190AC2}.Debug|Any CPU.Build.0 = Debug|Any CPU
		{8CC031FD-EB15-4531-B6A0-8DB791190AC2}.Release|Any CPU.ActiveCfg = Release|Any CPU
		{8CC031FD-EB15-4531-B6A0-8DB791190AC2}.Release|Any CPU.Build.0 = Release|Any CPU
		{D9C12E6E-18A0-4590-A644-DEA7A76F7E28}.Debug|Any CPU.ActiveCfg = Debug|Any CPU
		{D9C12E6E-18A0-4590-A644-DEA7A76F7E28}.Debug|Any CPU.Build.0 = Debug|Any CPU
		{D9C12E6E-18A0-4590-A644-DEA7A76F7E28}.Release|Any CPU.ActiveCfg = Release|Any CPU
		{D9C12E6E-18A0-4590-A644-DEA7A76F7E28}.Release|Any CPU.Build.0 = Release|Any CPU
		{3395EA0E-D403-407A-8019-4C451F513A19}.Debug|Any CPU.ActiveCfg = Debug|Any CPU
		{3395EA0E-D403-407A-8019-4C451F513A19}.Debug|Any CPU.Build.0 = Debug|Any CPU
		{3395EA0E-D403-407A-8019-4C451F513A19}.Release|Any CPU.ActiveCfg = Release|Any CPU
		{3395EA0E-D403-407A-8019-4C451F513A19}.Release|Any CPU.Build.0 = Release|Any CPU
		{0BB72210-C19B-4568-A7B6-5AFCC7063339}.Debug|Any CPU.ActiveCfg = Debug|Any CPU
		{0BB72210-C19B-4568-A7B6-5AFCC7063339}.Debug|Any CPU.Build.0 = Debug|Any CPU
		{0BB72210-C19B-4568-A7B6-5AFCC7063339}.Release|Any CPU.ActiveCfg = Release|Any CPU
		{0BB72210-C19B-4568-A7B6-5AFCC7063339}.Release|Any CPU.Build.0 = Release|Any CPU
		{45CAD2A7-9E31-4D9F-8808-62530046C2C7}.Debug|Any CPU.ActiveCfg = Debug|Any CPU
		{45CAD2A7-9E31-4D9F-8808-62530046C2C7}.Debug|Any CPU.Build.0 = Debug|Any CPU
		{45CAD2A7-9E31-4D9F-8808-62530046C2C7}.Release|Any CPU.ActiveCfg = Release|Any CPU
		{45CAD2A7-9E31-4D9F-8808-62530046C2C7}.Release|Any CPU.Build.0 = Release|Any CPU
		{A1293DD9-8CA0-4BE1-8E58-EDC2ECB21C5E}.Debug|Any CPU.ActiveCfg = Debug|Any CPU
		{A1293DD9-8CA0-4BE1-8E58-EDC2ECB21C5E}.Debug|Any CPU.Build.0 = Debug|Any CPU
		{A1293DD9-8CA0-4BE1-8E58-EDC2ECB21C5E}.Release|Any CPU.ActiveCfg = Release|Any CPU
		{A1293DD9-8CA0-4BE1-8E58-EDC2ECB21C5E}.Release|Any CPU.Build.0 = Release|Any CPU
		{7809A054-3AD5-4B06-8CF5-FC40F0D7E690}.Debug|Any CPU.ActiveCfg = Debug|Any CPU
		{7809A054-3AD5-4B06-8CF5-FC40F0D7E690}.Debug|Any CPU.Build.0 = Debug|Any CPU
		{7809A054-3AD5-4B06-8CF5-FC40F0D7E690}.Release|Any CPU.ActiveCfg = Release|Any CPU
		{7809A054-3AD5-4B06-8CF5-FC40F0D7E690}.Release|Any CPU.Build.0 = Release|Any CPU
		{88AFD4E1-03D7-47AC-9610-166C870758C5}.Debug|Any CPU.ActiveCfg = Debug|Any CPU
		{88AFD4E1-03D7-47AC-9610-166C870758C5}.Debug|Any CPU.Build.0 = Debug|Any CPU
		{88AFD4E1-03D7-47AC-9610-166C870758C5}.Release|Any CPU.ActiveCfg = Release|Any CPU
		{88AFD4E1-03D7-47AC-9610-166C870758C5}.Release|Any CPU.Build.0 = Release|Any CPU
		{9956F103-3441-49DF-98B6-748D8F40D9AC}.Debug|Any CPU.ActiveCfg = Debug|Any CPU
		{9956F103-3441-49DF-98B6-748D8F40D9AC}.Debug|Any CPU.Build.0 = Debug|Any CPU
		{9956F103-3441-49DF-98B6-748D8F40D9AC}.Release|Any CPU.ActiveCfg = Release|Any CPU
		{9956F103-3441-49DF-98B6-748D8F40D9AC}.Release|Any CPU.Build.0 = Release|Any CPU
		{38771B4F-0A64-4846-8D02-2C75B8802B52}.Debug|Any CPU.ActiveCfg = Debug|Any CPU
		{38771B4F-0A64-4846-8D02-2C75B8802B52}.Debug|Any CPU.Build.0 = Debug|Any CPU
		{38771B4F-0A64-4846-8D02-2C75B8802B52}.Release|Any CPU.ActiveCfg = Release|Any CPU
		{38771B4F-0A64-4846-8D02-2C75B8802B52}.Release|Any CPU.Build.0 = Release|Any CPU
		{6A9FB6F3-17C8-46B6-A466-501620D0645A}.Debug|Any CPU.ActiveCfg = Debug|Any CPU
		{6A9FB6F3-17C8-46B6-A466-501620D0645A}.Debug|Any CPU.Build.0 = Debug|Any CPU
		{6A9FB6F3-17C8-46B6-A466-501620D0645A}.Release|Any CPU.ActiveCfg = Release|Any CPU
		{6A9FB6F3-17C8-46B6-A466-501620D0645A}.Release|Any CPU.Build.0 = Release|Any CPU
		{C4DFE5B0-1AEA-4AB4-B6B6-E67DE2FC4815}.Debug|Any CPU.ActiveCfg = Debug|Any CPU
		{C4DFE5B0-1AEA-4AB4-B6B6-E67DE2FC4815}.Debug|Any CPU.Build.0 = Debug|Any CPU
		{C4DFE5B0-1AEA-4AB4-B6B6-E67DE2FC4815}.Release|Any CPU.ActiveCfg = Release|Any CPU
		{C4DFE5B0-1AEA-4AB4-B6B6-E67DE2FC4815}.Release|Any CPU.Build.0 = Release|Any CPU
		{F414BFF9-08B6-4DFE-B4A8-3F8567C6F49D}.Debug|Any CPU.ActiveCfg = Debug|Any CPU
		{F414BFF9-08B6-4DFE-B4A8-3F8567C6F49D}.Debug|Any CPU.Build.0 = Debug|Any CPU
		{F414BFF9-08B6-4DFE-B4A8-3F8567C6F49D}.Release|Any CPU.ActiveCfg = Release|Any CPU
		{F414BFF9-08B6-4DFE-B4A8-3F8567C6F49D}.Release|Any CPU.Build.0 = Release|Any CPU
		{F9239B62-EB6E-4DDF-A24E-435CAAFF86B0}.Debug|Any CPU.ActiveCfg = Debug|Any CPU
		{F9239B62-EB6E-4DDF-A24E-435CAAFF86B0}.Debug|Any CPU.Build.0 = Debug|Any CPU
		{F9239B62-EB6E-4DDF-A24E-435CAAFF86B0}.Release|Any CPU.ActiveCfg = Release|Any CPU
		{F9239B62-EB6E-4DDF-A24E-435CAAFF86B0}.Release|Any CPU.Build.0 = Release|Any CPU
	EndGlobalSection
	GlobalSection(SolutionProperties) = preSolution
		HideSolutionNode = FALSE
	EndGlobalSection
	GlobalSection(ExtensibilityGlobals) = postSolution
		SolutionGuid = {F7905365-E766-4ECC-BECF-EDC36C32470B}
	EndGlobalSection
EndGlobal
